
Microsoft Visual Studio Solution File, Format Version 12.00
# Visual Studio Version 17
VisualStudioVersion = 17.8.34525.116
MinimumVisualStudioVersion = 10.0.40219.1
Project("{9A19103F-16F7-4668-BE54-9A1E7A4F7556}") = "ASEncryptionTools", "ASEncryptionTools.csproj", "{6DC9F7F4-D752-4B3A-9F83-18468C1AE011}"
EndProject
Project("{FAE04EC0-301F-11D3-BF4B-00C04F79EFBC}") = "ASEncryptionToolsTest", "ASEncryptionToolsTest\ASEncryptionToolsTest.csproj", "{9F5BEFC8-78B1-4D03-B986-755C5C87B91B}"
EndProject
Global
	GlobalSection(SolutionConfigurationPlatforms) = preSolution
		Debug|Any CPU = Debug|Any CPU
		Release|Any CPU = Release|Any CPU
	EndGlobalSection
	GlobalSection(ProjectConfigurationPlatforms) = postSolution
		{6DC9F7F4-D752-4B3A-9F83-18468C1AE011}.Debug|Any CPU.ActiveCfg = Release|Any CPU
		{6DC9F7F4-D752-4B3A-9F83-18468C1AE011}.Debug|Any CPU.Build.0 = Release|Any CPU
		{6DC9F7F4-D752-4B3A-9F83-18468C1AE011}.Release|Any CPU.ActiveCfg = Release|Any CPU
		{6DC9F7F4-D752-4B3A-9F83-18468C1AE011}.Release|Any CPU.Build.0 = Release|Any CPU
		{9F5BEFC8-78B1-4D03-B986-755C5C87B91B}.Debug|Any CPU.ActiveCfg = Debug|Any CPU
		{9F5BEFC8-78B1-4D03-B986-755C5C87B91B}.Debug|Any CPU.Build.0 = Debug|Any CPU
		{9F5BEFC8-78B1-4D03-B986-755C5C87B91B}.Release|Any CPU.ActiveCfg = Release|Any CPU
		{9F5BEFC8-78B1-4D03-B986-755C5C87B91B}.Release|Any CPU.Build.0 = Release|Any CPU
	EndGlobalSection
	GlobalSection(SolutionProperties) = preSolution
		HideSolutionNode = FALSE
	EndGlobalSection
	GlobalSection(ExtensibilityGlobals) = postSolution
		SolutionGuid = {0790C214-B0B1-4757-AFAB-FC43E0083171}
	EndGlobalSection
EndGlobal
